
Microsoft Visual Studio Solution File, Format Version 12.00
# Visual Studio 15
VisualStudioVersion = 15.0.27428.2037
MinimumVisualStudioVersion = 10.0.40219.1
Project("{8BC9CEB8-8B4A-11D0-8D11-00A0C91BC942}") = "Assign1", "Assign1\Assign1.vcxproj", "{9A847B4D-8731-4A0E-B149-95DF2AB0012D}"
EndProject
Global
	GlobalSection(SolutionConfigurationPlatforms) = preSolution
		Debug|x64 = Debug|x64
		Debug|x86 = Debug|x86
		Release|x64 = Release|x64
		Release|x86 = Release|x86
	EndGlobalSection
	GlobalSection(ProjectConfigurationPlatforms) = postSolution
		{9A847B4D-8731-4A0E-B149-95DF2AB0012D}.Debug|x64.ActiveCfg = Debug|x64
		{9A847B4D-8731-4A0E-B149-95DF2AB0012D}.Debug|x64.Build.0 = Debug|x64
		{9A847B4D-8731-4A0E-B149-95DF2AB0012D}.Debug|x86.ActiveCfg = Debug|Win32
		{9A847B4D-8731-4A0E-B149-95DF2AB0012D}.Debug|x86.Build.0 = Debug|Win32
		{9A847B4D-8731-4A0E-B149-95DF2AB0012D}.Release|x64.ActiveCfg = Release|x64
		{9A847B4D-8731-4A0E-B149-95DF2AB0012D}.Release|x64.Build.0 = Release|x64
		{9A847B4D-8731-4A0E-B149-95DF2AB0012D}.Release|x86.ActiveCfg = Release|Win32
		{9A847B4D-8731-4A0E-B149-95DF2AB0012D}.Release|x86.Build.0 = Release|Win32
	EndGlobalSection
	GlobalSection(SolutionProperties) = preSolution
		HideSolutionNode = FALSE
	EndGlobalSection
	GlobalSection(ExtensibilityGlobals) = postSolution
		SolutionGuid = {6A571A45-2C46-4CAD-B6DC-887A6685BE87}
	EndGlobalSection
EndGlobal
